Microsoft Visual Studio Solution File, Format Version 12.00
# Visual Studio Version 17
VisualStudioVersion = 17.5.33516.290
MinimumVisualStudioVersion = 10.0.40219.1
Project("{FAE04EC0-301F-11D3-BF4B-00C04F79EFBC}") = "MEPBuriedDepthCalculator", "MEPBuriedDepthCalculator\MEPBuriedDepthCalculator.csproj", "{8F4B3C2A-1111-4444-8888-A1B2C3D4E5F6}"
EndProject
Global
	GlobalSection(SolutionConfigurationPlatforms) = preSolution
		Debug|Any CPU = Debug|Any CPU
		Release|Any CPU = Release|Any CPU
	EndGlobalSection
	GlobalSection(ProjectConfigurationPlatforms) = postSolution
		{8F4B3C2A-1111-4444-8888-A1B2C3D4E5F6}.Debug|Any CPU.ActiveCfg = Debug|Any CPU
		{8F4B3C2A-1111-4444-8888-A1B2C3D4E5F6}.Debug|Any CPU.Build.0 = Debug|Any CPU
		{8F4B3C2A-1111-4444-8888-A1B2C3D4E5F6}.Release|Any CPU.ActiveCfg = Release|Any CPU
		{8F4B3C2A-1111-4444-8888-A1B2C3D4E5F6}.Release|Any CPU.Build.0 = Release|Any CPU
	EndGlobalSection
	GlobalSection(SolutionProperties) = preSolution
		HideSolutionName = False
	EndGlobalSection
	GlobalSection(ExtensibilityGlobals) = postSolution
		SolutionSourceString = {A9B8C7D6-E5F4-4321-8765-FEDCBA098765}
	EndGlobalSection
EndGlobal
